
Microsoft Visual Studio Solution File, Format Version 12.00
# Visual Studio Version 16
VisualStudioVersion = 16.0.29609.76
MinimumVisualStudioVersion = 10.0.40219.1
Project("{FAE04EC0-301F-11D3-BF4B-00C04F79EFBC}") = "Lab4.7", "Lab4.7\Lab4.7.csproj", "{37E311EC-9770-479A-91AB-71F608CA285A}"
EndProject
Global
	GlobalSection(SolutionConfigurationPlatforms) = preSolution
		Debug|Any CPU = Debug|Any CPU
		Release|Any CPU = Release|Any CPU
	EndGlobalSection
	GlobalSection(ProjectConfigurationPlatforms) = postSolution
		{37E311EC-9770-479A-91AB-71F608CA285A}.Debug|Any CPU.ActiveCfg = Debug|Any CPU
		{37E311EC-9770-479A-91AB-71F608CA285A}.Debug|Any CPU.Build.0 = Debug|Any CPU
		{37E311EC-9770-479A-91AB-71F608CA285A}.Release|Any CPU.ActiveCfg = Release|Any CPU
		{37E311EC-9770-479A-91AB-71F608CA285A}.Release|Any CPU.Build.0 = Release|Any CPU
	EndGlobalSection
	GlobalSection(SolutionProperties) = preSolution
		HideSolutionNode = FALSE
	EndGlobalSection
	GlobalSection(ExtensibilityGlobals) = postSolution
		SolutionGuid = {930D8C72-AD6F-472D-AEA8-962AA7D752C0}
	EndGlobalSection
EndGlobal
