
Microsoft Visual Studio Solution File, Format Version 12.00
# Visual Studio Version 16
VisualStudioVersion = 16.0.29609.76
MinimumVisualStudioVersion = 10.0.40219.1
Project("{FAE04EC0-301F-11D3-BF4B-00C04F79EFBC}") = "gronsfeld", "gronsfeld\gronsfeld.csproj", "{0850A298-49CB-4288-8FC0-09E21F480275}"
EndProject
Global
	GlobalSection(SolutionConfigurationPlatforms) = preSolution
		Debug|Any CPU = Debug|Any CPU
		Release|Any CPU = Release|Any CPU
	EndGlobalSection
	GlobalSection(ProjectConfigurationPlatforms) = postSolution
		{0850A298-49CB-4288-8FC0-09E21F480275}.Debug|Any CPU.ActiveCfg = Debug|Any CPU
		{0850A298-49CB-4288-8FC0-09E21F480275}.Debug|Any CPU.Build.0 = Debug|Any CPU
		{0850A298-49CB-4288-8FC0-09E21F480275}.Release|Any CPU.ActiveCfg = Release|Any CPU
		{0850A298-49CB-4288-8FC0-09E21F480275}.Release|Any CPU.Build.0 = Release|Any CPU
	EndGlobalSection
	GlobalSection(SolutionProperties) = preSolution
		HideSolutionNode = FALSE
	EndGlobalSection
	GlobalSection(ExtensibilityGlobals) = postSolution
		SolutionGuid = {980689F4-263A-4D00-8FE2-4054C37FDC18}
	EndGlobalSection
EndGlobal
