
Microsoft Visual Studio Solution File, Format Version 12.00
# Visual Studio Version 16
VisualStudioVersion = 16.0.29519.181
MinimumVisualStudioVersion = 10.0.40219.1
Project("{FAE04EC0-301F-11D3-BF4B-00C04F79EFBC}") = "Lab4.3", "Lab4.3\Lab4.3.csproj", "{D9EBCCFB-722D-4242-94DC-AA20991E5C18}"
EndProject
Global
	GlobalSection(SolutionConfigurationPlatforms) = preSolution
		Debug|Any CPU = Debug|Any CPU
		Release|Any CPU = Release|Any CPU
	EndGlobalSection
	GlobalSection(ProjectConfigurationPlatforms) = postSolution
		{D9EBCCFB-722D-4242-94DC-AA20991E5C18}.Debug|Any CPU.ActiveCfg = Debug|Any CPU
		{D9EBCCFB-722D-4242-94DC-AA20991E5C18}.Debug|Any CPU.Build.0 = Debug|Any CPU
		{D9EBCCFB-722D-4242-94DC-AA20991E5C18}.Release|Any CPU.ActiveCfg = Release|Any CPU
		{D9EBCCFB-722D-4242-94DC-AA20991E5C18}.Release|Any CPU.Build.0 = Release|Any CPU
	EndGlobalSection
	GlobalSection(SolutionProperties) = preSolution
		HideSolutionNode = FALSE
	EndGlobalSection
	GlobalSection(ExtensibilityGlobals) = postSolution
		SolutionGuid = {0EAAB347-7B94-4BDE-BBF5-E83C8CBAB11F}
	EndGlobalSection
EndGlobal
