
Microsoft Visual Studio Solution File, Format Version 12.00
# Visual Studio Version 16
VisualStudioVersion = 16.0.29609.76
MinimumVisualStudioVersion = 10.0.40219.1
Project("{FAE04EC0-301F-11D3-BF4B-00C04F79EFBC}") = "Lab4.5", "Lab4.5\Lab4.5.csproj", "{2FB0025A-639C-486A-8CEA-E3F76E0AB355}"
EndProject
Global
	GlobalSection(SolutionConfigurationPlatforms) = preSolution
		Debug|Any CPU = Debug|Any CPU
		Release|Any CPU = Release|Any CPU
	EndGlobalSection
	GlobalSection(ProjectConfigurationPlatforms) = postSolution
		{2FB0025A-639C-486A-8CEA-E3F76E0AB355}.Debug|Any CPU.ActiveCfg = Debug|Any CPU
		{2FB0025A-639C-486A-8CEA-E3F76E0AB355}.Debug|Any CPU.Build.0 = Debug|Any CPU
		{2FB0025A-639C-486A-8CEA-E3F76E0AB355}.Release|Any CPU.ActiveCfg = Release|Any CPU
		{2FB0025A-639C-486A-8CEA-E3F76E0AB355}.Release|Any CPU.Build.0 = Release|Any CPU
	EndGlobalSection
	GlobalSection(SolutionProperties) = preSolution
		HideSolutionNode = FALSE
	EndGlobalSection
	GlobalSection(ExtensibilityGlobals) = postSolution
		SolutionGuid = {A03E7605-C52E-4BC3-BF0B-6DF5FBF8773E}
	EndGlobalSection
EndGlobal
